
Microsoft Visual Studio Solution File, Format Version 12.00
# Visual Studio Version 17
VisualStudioVersion = 17.7.34031.279
MinimumVisualStudioVersion = 10.0.40219.1
Project("{FAE04EC0-301F-11D3-BF4B-00C04F79EFBC}") = "Puzzle", "Puzzle\Puzzle.csproj", "{4D02DBB7-5A85-44DE-80A8-367F9EE740E5}"
EndProject
Global
	GlobalSection(SolutionConfigurationPlatforms) = preSolution
		Debug|Any CPU = Debug|Any CPU
		Release|Any CPU = Release|Any CPU
	EndGlobalSection
	GlobalSection(ProjectConfigurationPlatforms) = postSolution
		{4D02DBB7-5A85-44DE-80A8-367F9EE740E5}.Debug|Any CPU.ActiveCfg = Debug|Any CPU
		{4D02DBB7-5A85-44DE-80A8-367F9EE740E5}.Debug|Any CPU.Build.0 = Debug|Any CPU
		{4D02DBB7-5A85-44DE-80A8-367F9EE740E5}.Release|Any CPU.ActiveCfg = Release|Any CPU
		{4D02DBB7-5A85-44DE-80A8-367F9EE740E5}.Release|Any CPU.Build.0 = Release|Any CPU
	EndGlobalSection
	GlobalSection(SolutionProperties) = preSolution
		HideSolutionNode = FALSE
	EndGlobalSection
	GlobalSection(ExtensibilityGlobals) = postSolution
		SolutionGuid = {716EE71D-30D2-4C0E-841D-1F888B21B6B3}
	EndGlobalSection
EndGlobal
